
Microsoft Visual Studio Solution File, Format Version 12.00
# Visual Studio Version 17
VisualStudioVersion = 17.13.35828.75 d17.13
MinimumVisualStudioVersion = 10.0.40219.1
Project("{54A90642-561A-4BB1-A94E-469ADEE60C69}") = "eventrsvpapp.client", "eventrsvpapp.client\eventrsvpapp.client.esproj", "{594D313B-7E0B-818B-F32D-53AE1DB7D0CA}"
EndProject
Project("{FAE04EC0-301F-11D3-BF4B-00C04F79EFBC}") = "EventRSVPApp.Server", "EventRSVPApp.Server\EventRSVPApp.Server.csproj", "{BB06E3D7-41D8-4072-AC0B-E0D88A4E9561}"
EndProject
Global
	GlobalSection(SolutionConfigurationPlatforms) = preSolution
		Debug|Any CPU = Debug|Any CPU
		Release|Any CPU = Release|Any CPU
	EndGlobalSection
	GlobalSection(ProjectConfigurationPlatforms) = postSolution
		{594D313B-7E0B-818B-F32D-53AE1DB7D0CA}.Debug|Any CPU.ActiveCfg = Debug|Any CPU
		{594D313B-7E0B-818B-F32D-53AE1DB7D0CA}.Debug|Any CPU.Build.0 = Debug|Any CPU
		{594D313B-7E0B-818B-F32D-53AE1DB7D0CA}.Debug|Any CPU.Deploy.0 = Debug|Any CPU
		{594D313B-7E0B-818B-F32D-53AE1DB7D0CA}.Release|Any CPU.ActiveCfg = Release|Any CPU
		{594D313B-7E0B-818B-F32D-53AE1DB7D0CA}.Release|Any CPU.Build.0 = Release|Any CPU
		{594D313B-7E0B-818B-F32D-53AE1DB7D0CA}.Release|Any CPU.Deploy.0 = Release|Any CPU
		{BB06E3D7-41D8-4072-AC0B-E0D88A4E9561}.Debug|Any CPU.ActiveCfg = Debug|Any CPU
		{BB06E3D7-41D8-4072-AC0B-E0D88A4E9561}.Debug|Any CPU.Build.0 = Debug|Any CPU
		{BB06E3D7-41D8-4072-AC0B-E0D88A4E9561}.Release|Any CPU.ActiveCfg = Release|Any CPU
		{BB06E3D7-41D8-4072-AC0B-E0D88A4E9561}.Release|Any CPU.Build.0 = Release|Any CPU
	EndGlobalSection
	GlobalSection(SolutionProperties) = preSolution
		HideSolutionNode = FALSE
	EndGlobalSection
	GlobalSection(ExtensibilityGlobals) = postSolution
		SolutionGuid = {1A1C10B7-3FB8-4064-8C05-49B86F1B6253}
	EndGlobalSection
EndGlobal
